
Microsoft Visual Studio Solution File, Format Version 12.00
# Visual Studio Version 17
VisualStudioVersion = 17.8.34601.278
MinimumVisualStudioVersion = 10.0.40219.1
Project("{FAE04EC0-301F-11D3-BF4B-00C04F79EFBC}") = "YarpProxyHelper", "YarpProxyHelper\YarpProxyHelper.csproj", "{D8330415-5520-40D7-82BC-2E07E6F81449}"
EndProject
Global
	GlobalSection(SolutionConfigurationPlatforms) = preSolution
		Debug|Any CPU = Debug|Any CPU
		Release|Any CPU = Release|Any CPU
	EndGlobalSection
	GlobalSection(ProjectConfigurationPlatforms) = postSolution
		{D8330415-5520-40D7-82BC-2E07E6F81449}.Debug|Any CPU.ActiveCfg = Debug|Any CPU
		{D8330415-5520-40D7-82BC-2E07E6F81449}.Debug|Any CPU.Build.0 = Debug|Any CPU
		{D8330415-5520-40D7-82BC-2E07E6F81449}.Release|Any CPU.ActiveCfg = Release|Any CPU
		{D8330415-5520-40D7-82BC-2E07E6F81449}.Release|Any CPU.Build.0 = Release|Any CPU
	EndGlobalSection
	GlobalSection(SolutionProperties) = preSolution
		HideSolutionNode = FALSE
	EndGlobalSection
	GlobalSection(ExtensibilityGlobals) = postSolution
		SolutionGuid = {360DBEDF-D17C-4C1D-808C-6FD80ACE08BC}
	EndGlobalSection
EndGlobal
